// !$*UTF8*$!
{
	archiveVersion = 1;
	classes = {
	};
	objectVersion = 77;
	objects = {

/* Begin PBXBuildFile section */
		D825558D2F59B95F00623301 /* AssetRowView.swift in Sources */ = {isa = PBXBuildFile; fileRef = D825557F2F59B95F00623301 /* AssetRowView.swift */; };
		D825558E2F59B95F00623301 /* AuthViewModel.swift in Sources */ = {isa = PBXBuildFile; fileRef = D82555772F59B95F00623301 /* AuthViewModel.swift */; };
		D825558F2F59B95F00623301 /* PieChartView.swift in Sources */ = {isa = PBXBuildFile; fileRef = D82555802F59B95F00623301 /* PieChartView.swift */; };
		D82555902F59B95F00623301 /* Portfolio.swift in Sources */ = {isa = PBXBuildFile; fileRef = D82555732F59B95F00623301 /* Portfolio.swift */; };
		D82555912F59B95F00623301 /* DashboardView.swift in Sources */ = {isa = PBXBuildFile; fileRef = D82555832F59B95F00623301 /* DashboardView.swift */; };
		D82555922F59B95F00623301 /* LanguageViewModel.swift in Sources */ = {isa = PBXBuildFile; fileRef = D82555702F59B95F00623301 /* LanguageViewModel.swift */; };
		D82555932F59B95F00623301 /* MainTabView.swift in Sources */ = {isa = PBXBuildFile; fileRef = D82555852F59B95F00623301 /* MainTabView.swift */; };
		D82555942F59B95F00623301 /* AssetsView.swift in Sources */ = {isa = PBXBuildFile; fileRef = D82555822F59B95F00623301 /* AssetsView.swift */; };
		D82555952F59B95F00623301 /* PortfolioViewModel.swift in Sources */ = {isa = PBXBuildFile; fileRef = D825557C2F59B95F00623301 /* PortfolioViewModel.swift */; };
		D82555962F59B95F00623301 /* StockAPIService.swift in Sources */ = {isa = PBXBuildFile; fileRef = D825557A2F59B95F00623301 /* StockAPIService.swift */; };
		D82555972F59B95F00623301 /* ExchangeRateService.swift in Sources */ = {isa = PBXBuildFile; fileRef = D82555782F59B95F00623301 /* ExchangeRateService.swift */; };
		D82555982F59B95F00623301 /* AssetRebalancerApp.swift in Sources */ = {isa = PBXBuildFile; fileRef = D82555892F59B95F00623301 /* AssetRebalancerApp.swift */; };
		D82555992F59B95F00623301 /* ContentView.swift in Sources */ = {isa = PBXBuildFile; fileRef = D825558A2F59B95F00623301 /* ContentView.swift */; };
		D825559A2F59B95F00623301 /* Asset.swift in Sources */ = {isa = PBXBuildFile; fileRef = D82555722F59B95F00623301 /* Asset.swift */; };
		D825559B2F59B95F00623301 /* SettingsView.swift in Sources */ = {isa = PBXBuildFile; fileRef = D82555862F59B95F00623301 /* SettingsView.swift */; };
		D825559C2F59B95F00623301 /* FirestoreService.swift in Sources */ = {isa = PBXBuildFile; fileRef = D82555792F59B95F00623301 /* FirestoreService.swift */; };
		D825559D2F59B95F00623301 /* LoginView.swift in Sources */ = {isa = PBXBuildFile; fileRef = D82555842F59B95F00623301 /* LoginView.swift */; };
		D825559E2F59B95F00623301 /* Rebalancer.swift in Sources */ = {isa = PBXBuildFile; fileRef = D825557D2F59B95F00623301 /* Rebalancer.swift */; };
		D82555A12F59BA0200623301 /* FirebaseAuth in Frameworks */ = {isa = PBXBuildFile; productRef = D82555A02F59BA0200623301 /* FirebaseAuth */; };
		D82555A32F59BA0200623301 /* FirebaseFirestore in Frameworks */ = {isa = PBXBuildFile; productRef = D82555A22F59BA0200623301 /* FirebaseFirestore */; };
		D82555A62F59BA4800623301 /* GoogleSignIn in Frameworks */ = {isa = PBXBuildFile; productRef = D82555A52F59BA4800623301 /* GoogleSignIn */; };
		D82555AE2F59C78F00623301 /* Assets.xcassets in Resources */ = {isa = PBXBuildFile; fileRef = D82555AD2F59C78F00623301 /* Assets.xcassets */; };
		D82555C52F59B95F00623301 /* AddAssetView.swift in Sources */ = {isa = PBXBuildFile; fileRef = D82555C12F59B95F00623301 /* AddAssetView.swift */; };
		D82555C62F59B95F00623301 /* EditAssetView.swift in Sources */ = {isa = PBXBuildFile; fileRef = D82555C22F59B95F00623301 /* EditAssetView.swift */; };
		D82555C72F59B95F00623301 /* DeviationRow.swift in Sources */ = {isa = PBXBuildFile; fileRef = D82555C32F59B95F00623301 /* DeviationRow.swift */; };
		D82555C82F59B95F00623301 /* AllocationSlider.swift in Sources */ = {isa = PBXBuildFile; fileRef = D82555C42F59B95F00623301 /* AllocationSlider.swift */; };
		D8B51DCC2FC7E65300F385BE /* GoogleService-Info.plist in Resources */ = {isa = PBXBuildFile; fileRef = D8B51DCB2FC7E65300F385BE /* GoogleService-Info.plist */; };
		D8AA550A2F5D00000000000A /* RebalancerTests.swift in Sources */ = {isa = PBXBuildFile; fileRef = D8AA55092F5D000000000009 /* RebalancerTests.swift */; };
		D8AA550B2F5D00000000000B /* Asset.swift in Sources */ = {isa = PBXBuildFile; fileRef = D82555722F59B95F00623301 /* Asset.swift */; };
		D8AA550C2F5D00000000000C /* Portfolio.swift in Sources */ = {isa = PBXBuildFile; fileRef = D82555732F59B95F00623301 /* Portfolio.swift */; };
		D8AA550D2F5D00000000000D /* Rebalancer.swift in Sources */ = {isa = PBXBuildFile; fileRef = D825557D2F59B95F00623301 /* Rebalancer.swift */; };
/* End PBXBuildFile section */

/* Begin PBXFileReference section */
		D82555702F59B95F00623301 /* LanguageViewModel.swift */ = {isa = PBXFileReference; lastKnownFileType = sourcecode.swift; path = LanguageViewModel.swift; sourceTree = "<group>"; };
		D82555722F59B95F00623301 /* Asset.swift */ = {isa = PBXFileReference; lastKnownFileType = sourcecode.swift; path = Asset.swift; sourceTree = "<group>"; };
		D82555732F59B95F00623301 /* Portfolio.swift */ = {isa = PBXFileReference; lastKnownFileType = sourcecode.swift; path = Portfolio.swift; sourceTree = "<group>"; };
		D82555772F59B95F00623301 /* AuthViewModel.swift */ = {isa = PBXFileReference; lastKnownFileType = sourcecode.swift; path = AuthViewModel.swift; sourceTree = "<group>"; };
		D82555782F59B95F00623301 /* ExchangeRateService.swift */ = {isa = PBXFileReference; lastKnownFileType = sourcecode.swift; path = ExchangeRateService.swift; sourceTree = "<group>"; };
		D82555792F59B95F00623301 /* FirestoreService.swift */ = {isa = PBXFileReference; lastKnownFileType = sourcecode.swift; path = FirestoreService.swift; sourceTree = "<group>"; };
		D825557A2F59B95F00623301 /* StockAPIService.swift */ = {isa = PBXFileReference; lastKnownFileType = sourcecode.swift; path = StockAPIService.swift; sourceTree = "<group>"; };
		D825557C2F59B95F00623301 /* PortfolioViewModel.swift */ = {isa = PBXFileReference; lastKnownFileType = sourcecode.swift; path = PortfolioViewModel.swift; sourceTree = "<group>"; };
		D825557D2F59B95F00623301 /* Rebalancer.swift */ = {isa = PBXFileReference; lastKnownFileType = sourcecode.swift; path = Rebalancer.swift; sourceTree = "<group>"; };
		D825557F2F59B95F00623301 /* AssetRowView.swift */ = {isa = PBXFileReference; lastKnownFileType = sourcecode.swift; path = AssetRowView.swift; sourceTree = "<group>"; };
		D82555802F59B95F00623301 /* PieChartView.swift */ = {isa = PBXFileReference; lastKnownFileType = sourcecode.swift; path = PieChartView.swift; sourceTree = "<group>"; };
		D82555822F59B95F00623301 /* AssetsView.swift */ = {isa = PBXFileReference; lastKnownFileType = sourcecode.swift; path = AssetsView.swift; sourceTree = "<group>"; };
		D82555832F59B95F00623301 /* DashboardView.swift */ = {isa = PBXFileReference; lastKnownFileType = sourcecode.swift; path = DashboardView.swift; sourceTree = "<group>"; };
		D82555842F59B95F00623301 /* LoginView.swift */ = {isa = PBXFileReference; lastKnownFileType = sourcecode.swift; path = LoginView.swift; sourceTree = "<group>"; };
		D82555852F59B95F00623301 /* MainTabView.swift */ = {isa = PBXFileReference; lastKnownFileType = sourcecode.swift; path = MainTabView.swift; sourceTree = "<group>"; };
		D82555862F59B95F00623301 /* SettingsView.swift */ = {isa = PBXFileReference; lastKnownFileType = sourcecode.swift; path = SettingsView.swift; sourceTree = "<group>"; };
		D82555892F59B95F00623301 /* AssetRebalancerApp.swift */ = {isa = PBXFileReference; lastKnownFileType = sourcecode.swift; path = AssetRebalancerApp.swift; sourceTree = "<group>"; };
		D825558A2F59B95F00623301 /* ContentView.swift */ = {isa = PBXFileReference; lastKnownFileType = sourcecode.swift; path = ContentView.swift; sourceTree = "<group>"; };
		D82555A92F59BA9A00623301 /* AssetRebalancer.app */ = {isa = PBXFileReference; explicitFileType = wrapper.application; includeInIndex = 0; path = AssetRebalancer.app; sourceTree = BUILT_PRODUCTS_DIR; };
		D82555AA2F59BA9A00623301 /* Info.plist */ = {isa = PBXFileReference; lastKnownFileType = text.plist; path = Info.plist; sourceTree = "<group>"; };
		D82555AD2F59C78F00623301 /* Assets.xcassets */ = {isa = PBXFileReference; lastKnownFileType = folder.assetcatalog; path = Assets.xcassets; sourceTree = "<group>"; };
		D82555C12F59B95F00623301 /* AddAssetView.swift */ = {isa = PBXFileReference; lastKnownFileType = sourcecode.swift; path = AddAssetView.swift; sourceTree = "<group>"; };
		D82555C22F59B95F00623301 /* EditAssetView.swift */ = {isa = PBXFileReference; lastKnownFileType = sourcecode.swift; path = EditAssetView.swift; sourceTree = "<group>"; };
		D82555C32F59B95F00623301 /* DeviationRow.swift */ = {isa = PBXFileReference; lastKnownFileType = sourcecode.swift; path = DeviationRow.swift; sourceTree = "<group>"; };
		D82555C42F59B95F00623301 /* AllocationSlider.swift */ = {isa = PBXFileReference; lastKnownFileType = sourcecode.swift; path = AllocationSlider.swift; sourceTree = "<group>"; };
		D8B51DCB2FC7E65300F385BE /* GoogleService-Info.plist */ = {isa = PBXFileReference; lastKnownFileType = text.plist.xml; path = "GoogleService-Info.plist"; sourceTree = "<group>"; };
		D8E835F02F5BF00000FE040A /* AssetRebalancer.entitlements */ = {isa = PBXFileReference; lastKnownFileType = text.plist.entitlements; path = AssetRebalancer.entitlements; sourceTree = "<group>"; };
		D8AA55072F5D000000000007 /* AssetRebalancerTests.xctest */ = {isa = PBXFileReference; explicitFileType = wrapper.cfbundle; includeInIndex = 0; path = AssetRebalancerTests.xctest; sourceTree = BUILT_PRODUCTS_DIR; };
		D8AA55092F5D000000000009 /* RebalancerTests.swift */ = {isa = PBXFileReference; lastKnownFileType = sourcecode.swift; path = RebalancerTests.swift; sourceTree = "<group>"; };
/* End PBXFileReference section */

/* Begin PBXFrameworksBuildPhase section */
		D82555012F59B8D500623301 /* Frameworks */ = {
			isa = PBXFrameworksBuildPhase;
			buildActionMask = 2147483647;
			files = (
				D82555A12F59BA0200623301 /* FirebaseAuth in Frameworks */,
				D82555A32F59BA0200623301 /* FirebaseFirestore in Frameworks */,
				D82555A62F59BA4800623301 /* GoogleSignIn in Frameworks */,
			);
			runOnlyForDeploymentPostprocessing = 0;
		};
		D8AA55062F5D000000000006 /* Frameworks */ = {
			isa = PBXFrameworksBuildPhase;
			buildActionMask = 2147483647;
			files = (
			);
			runOnlyForDeploymentPostprocessing = 0;
		};
/* End PBXFrameworksBuildPhase section */

/* Begin PBXGroup section */
		D82554FB2F59B8D500623301 = {
			isa = PBXGroup;
			children = (
				D825558B2F59B95F00623301 /* AssetRebalancer */,
				D8AA55082F5D000000000008 /* AssetRebalancerTests */,
				D82555A92F59BA9A00623301 /* AssetRebalancer.app */,
				D8AA55072F5D000000000007 /* AssetRebalancerTests.xctest */,
			);
			sourceTree = "<group>";
		};
		D8AA55082F5D000000000008 /* AssetRebalancerTests */ = {
			isa = PBXGroup;
			children = (
				D8AA55092F5D000000000009 /* RebalancerTests.swift */,
			);
			path = AssetRebalancerTests;
			sourceTree = "<group>";
		};
		D82555742F59B95F00623301 /* Models */ = {
			isa = PBXGroup;
			children = (
				D82555722F59B95F00623301 /* Asset.swift */,
				D82555732F59B95F00623301 /* Portfolio.swift */,
			);
			path = Models;
			sourceTree = "<group>";
		};
		D825557B2F59B95F00623301 /* Services */ = {
			isa = PBXGroup;
			children = (
				D82555782F59B95F00623301 /* ExchangeRateService.swift */,
				D82555792F59B95F00623301 /* FirestoreService.swift */,
				D825557A2F59B95F00623301 /* StockAPIService.swift */,
			);
			path = Services;
			sourceTree = "<group>";
		};
		D825557E2F59B95F00623301 /* Utils */ = {
			isa = PBXGroup;
			children = (
				D825557D2F59B95F00623301 /* Rebalancer.swift */,
			);
			path = Utils;
			sourceTree = "<group>";
		};
		D82555812F59B95F00623301 /* Components */ = {
			isa = PBXGroup;
			children = (
				D825557F2F59B95F00623301 /* AssetRowView.swift */,
				D82555802F59B95F00623301 /* PieChartView.swift */,
				D82555C32F59B95F00623301 /* DeviationRow.swift */,
				D82555C42F59B95F00623301 /* AllocationSlider.swift */,
			);
			path = Components;
			sourceTree = "<group>";
		};
		D82555872F59B95F00623301 /* Screens */ = {
			isa = PBXGroup;
			children = (
				D82555822F59B95F00623301 /* AssetsView.swift */,
				D82555832F59B95F00623301 /* DashboardView.swift */,
				D82555842F59B95F00623301 /* LoginView.swift */,
				D82555852F59B95F00623301 /* MainTabView.swift */,
				D82555862F59B95F00623301 /* SettingsView.swift */,
				D82555C12F59B95F00623301 /* AddAssetView.swift */,
				D82555C22F59B95F00623301 /* EditAssetView.swift */,
			);
			path = Screens;
			sourceTree = "<group>";
		};
		D82555882F59B95F00623301 /* Views */ = {
			isa = PBXGroup;
			children = (
				D82555812F59B95F00623301 /* Components */,
				D82555872F59B95F00623301 /* Screens */,
			);
			path = Views;
			sourceTree = "<group>";
		};
		D825558B2F59B95F00623301 /* AssetRebalancer */ = {
			isa = PBXGroup;
			children = (
				D8B51DCB2FC7E65300F385BE /* GoogleService-Info.plist */,
				D8E835F02F5BF00000FE040A /* AssetRebalancer.entitlements */,
				D82555AD2F59C78F00623301 /* Assets.xcassets */,
				D82555AA2F59BA9A00623301 /* Info.plist */,
				D82555742F59B95F00623301 /* Models */,
				D82555B12F59B95F00623301 /* ViewModels */,
				D825557B2F59B95F00623301 /* Services */,
				D825557E2F59B95F00623301 /* Utils */,
				D82555882F59B95F00623301 /* Views */,
				D82555892F59B95F00623301 /* AssetRebalancerApp.swift */,
				D825558A2F59B95F00623301 /* ContentView.swift */,
			);
			path = AssetRebalancer;
			sourceTree = "<group>";
		};
		D82555B12F59B95F00623301 /* ViewModels */ = {
			isa = PBXGroup;
			children = (
				D82555772F59B95F00623301 /* AuthViewModel.swift */,
				D825557C2F59B95F00623301 /* PortfolioViewModel.swift */,
				D82555702F59B95F00623301 /* LanguageViewModel.swift */,
			);
			path = ViewModels;
			sourceTree = "<group>";
		};
/* End PBXGroup section */

/* Begin PBXNativeTarget section */
		D82555032F59B8D500623301 /* AssetRebalancer */ = {
			isa = PBXNativeTarget;
			buildConfigurationList = D825550F2F59B8D600623301 /* Build configuration list for PBXNativeTarget "AssetRebalancer" */;
			buildPhases = (
				D82555002F59B8D500623301 /* Sources */,
				D82555012F59B8D500623301 /* Frameworks */,
				D82555022F59B8D500623301 /* Resources */,
			);
			buildRules = (
			);
			dependencies = (
			);
			name = AssetRebalancer;
			packageProductDependencies = (
				D82555A02F59BA0200623301 /* FirebaseAuth */,
				D82555A22F59BA0200623301 /* FirebaseFirestore */,
				D82555A52F59BA4800623301 /* GoogleSignIn */,
			);
			productName = AssetRebalancer;
			productReference = D82555A92F59BA9A00623301 /* AssetRebalancer.app */;
			productType = "com.apple.product-type.application";
		};
		D8AA55012F5D000000000001 /* AssetRebalancerTests */ = {
			isa = PBXNativeTarget;
			buildConfigurationList = D8AA55022F5D000000000002 /* Build configuration list for PBXNativeTarget "AssetRebalancerTests" */;
			buildPhases = (
				D8AA55052F5D000000000005 /* Sources */,
				D8AA55062F5D000000000006 /* Frameworks */,
			);
			buildRules = (
			);
			dependencies = (
			);
			name = AssetRebalancerTests;
			packageProductDependencies = (
			);
			productName = AssetRebalancerTests;
			productReference = D8AA55072F5D000000000007 /* AssetRebalancerTests.xctest */;
			productType = "com.apple.product-type.bundle.unit-test";
		};
/* End PBXNativeTarget section */

/* Begin PBXProject section */
		D82554FC2F59B8D500623301 /* Project object */ = {
			isa = PBXProject;
			attributes = {
				BuildIndependentTargetsInParallel = 1;
				LastSwiftUpdateCheck = 2630;
				LastUpgradeCheck = 2630;
				TargetAttributes = {
					D82555032F59B8D500623301 = {
						CreatedOnToolsVersion = 26.3;
					};
					D8AA55012F5D000000000001 = {
						CreatedOnToolsVersion = 26.3;
					};
				};
			};
			buildConfigurationList = D82554FF2F59B8D500623301 /* Build configuration list for PBXProject "AssetRebalancer" */;
			developmentRegion = en;
			hasScannedForEncodings = 0;
			knownRegions = (
				en,
				Base,
			);
			mainGroup = D82554FB2F59B8D500623301;
			minimizedProjectReferenceProxies = 1;
			packageReferences = (
				D825559F2F59BA0200623301 /* XCRemoteSwiftPackageReference "firebase-ios-sdk" */,
				D82555A42F59BA4800623301 /* XCRemoteSwiftPackageReference "GoogleSignIn-iOS" */,
			);
			preferredProjectObjectVersion = 77;
			productRefGroup = D82554FB2F59B8D500623301;
			projectDirPath = "";
			projectRoot = "";
			targets = (
				D82555032F59B8D500623301 /* AssetRebalancer */,
				D8AA55012F5D000000000001 /* AssetRebalancerTests */,
			);
		};
/* End PBXProject section */

/* Begin PBXResourcesBuildPhase section */
		D82555022F59B8D500623301 /* Resources */ = {
			isa = PBXResourcesBuildPhase;
			buildActionMask = 2147483647;
			files = (
				D82555AE2F59C78F00623301 /* Assets.xcassets in Resources */,
				D8B51DCC2FC7E65300F385BE /* GoogleService-Info.plist in Resources */,
			);
			runOnlyForDeploymentPostprocessing = 0;
		};
/* End PBXResourcesBuildPhase section */

/* Begin PBXSourcesBuildPhase section */
		D82555002F59B8D500623301 /* Sources */ = {
			isa = PBXSourcesBuildPhase;
			buildActionMask = 2147483647;
			files = (
				D825558D2F59B95F00623301 /* AssetRowView.swift in Sources */,
				D825558E2F59B95F00623301 /* AuthViewModel.swift in Sources */,
				D825558F2F59B95F00623301 /* PieChartView.swift in Sources */,
				D82555902F59B95F00623301 /* Portfolio.swift in Sources */,
				D82555912F59B95F00623301 /* DashboardView.swift in Sources */,
				D82555922F59B95F00623301 /* LanguageViewModel.swift in Sources */,
				D82555932F59B95F00623301 /* MainTabView.swift in Sources */,
				D82555942F59B95F00623301 /* AssetsView.swift in Sources */,
				D82555952F59B95F00623301 /* PortfolioViewModel.swift in Sources */,
				D82555962F59B95F00623301 /* StockAPIService.swift in Sources */,
				D82555972F59B95F00623301 /* ExchangeRateService.swift in Sources */,
				D82555982F59B95F00623301 /* AssetRebalancerApp.swift in Sources */,
				D82555992F59B95F00623301 /* ContentView.swift in Sources */,
				D825559A2F59B95F00623301 /* Asset.swift in Sources */,
				D825559B2F59B95F00623301 /* SettingsView.swift in Sources */,
				D825559C2F59B95F00623301 /* FirestoreService.swift in Sources */,
				D825559D2F59B95F00623301 /* LoginView.swift in Sources */,
				D825559E2F59B95F00623301 /* Rebalancer.swift in Sources */,
				D82555C52F59B95F00623301 /* AddAssetView.swift in Sources */,
				D82555C62F59B95F00623301 /* EditAssetView.swift in Sources */,
				D82555C72F59B95F00623301 /* DeviationRow.swift in Sources */,
				D82555C82F59B95F00623301 /* AllocationSlider.swift in Sources */,
			);
			runOnlyForDeploymentPostprocessing = 0;
		};
		D8AA55052F5D000000000005 /* Sources */ = {
			isa = PBXSourcesBuildPhase;
			buildActionMask = 2147483647;
			files = (
				D8AA550A2F5D00000000000A /* RebalancerTests.swift in Sources */,
				D8AA550B2F5D00000000000B /* Asset.swift in Sources */,
				D8AA550C2F5D00000000000C /* Portfolio.swift in Sources */,
				D8AA550D2F5D00000000000D /* Rebalancer.swift in Sources */,
			);
			runOnlyForDeploymentPostprocessing = 0;
		};
/* End PBXSourcesBuildPhase section */

/* Begin XCBuildConfiguration section */
		D825550D2F59B8D600623301 /* Debug */ = {
			isa = XCBuildConfiguration;
			buildSettings = {
				ALWAYS_SEARCH_USER_PATHS = NO;
				ASSETCATALOG_COMPILER_GENERATE_SWIFT_ASSET_SYMBOL_EXTENSIONS = YES;
				CLANG_ANALYZER_NONNULL = YES;
				CLANG_ANALYZER_NUMBER_OBJECT_CONVERSION = YES_AGGRESSIVE;
				CLANG_CXX_LANGUAGE_STANDARD = "gnu++20";
				CLANG_ENABLE_MODULES = YES;
				CLANG_ENABLE_OBJC_ARC = YES;
				CLANG_ENABLE_OBJC_WEAK = YES;
				CLANG_WARN_BLOCK_CAPTURE_AUTORELEASING = YES;
				CLANG_WARN_BOOL_CONVERSION = YES;
				CLANG_WARN_COMMA = YES;
				CLANG_WARN_CONSTANT_CONVERSION = YES;
				CLANG_WARN_DEPRECATED_OBJC_IMPLEMENTATIONS = YES;
				CLANG_WARN_DIRECT_OBJC_ISA_USAGE = YES_ERROR;
				CLANG_WARN_DOCUMENTATION_COMMENTS = YES;
				CLANG_WARN_EMPTY_BODY = YES;
				CLANG_WARN_ENUM_CONVERSION = YES;
				CLANG_WARN_INFINITE_RECURSION = YES;
				CLANG_WARN_INT_CONVERSION = YES;
				CLANG_WARN_NON_LITERAL_NULL_CONVERSION = YES;
				CLANG_WARN_OBJC_IMPLICIT_RETAIN_SELF = YES;
				CLANG_WARN_OBJC_LITERAL_CONVERSION = YES;
				CLANG_WARN_OBJC_ROOT_CLASS = YES_ERROR;
				CLANG_WARN_QUOTED_INCLUDE_IN_FRAMEWORK_HEADER = YES;
				CLANG_WARN_RANGE_LOOP_ANALYSIS = YES;
				CLANG_WARN_STRICT_PROTOTYPES = YES;
				CLANG_WARN_SUSPICIOUS_MOVE = YES;
				CLANG_WARN_UNGUARDED_AVAILABILITY = YES_AGGRESSIVE;
				CLANG_WARN_UNREACHABLE_CODE = YES;
				CLANG_WARN__DUPLICATE_METHOD_MATCH = YES;
				COPY_PHASE_STRIP = NO;
				DEBUG_INFORMATION_FORMAT = dwarf;
				ENABLE_STRICT_OBJC_MSGSEND = YES;
				ENABLE_TESTABILITY = YES;
				ENABLE_USER_SCRIPT_SANDBOXING = YES;
				GCC_C_LANGUAGE_STANDARD = gnu17;
				GCC_DYNAMIC_NO_PIC = NO;
				GCC_NO_COMMON_BLOCKS = YES;
				GCC_OPTIMIZATION_LEVEL = 0;
				GCC_PREPROCESSOR_DEFINITIONS = (
					"DEBUG=1",
					"$(inherited)",
				);
				GCC_WARN_64_TO_32_BIT_CONVERSION = YES;
				GCC_WARN_ABOUT_RETURN_TYPE = YES_ERROR;
				GCC_WARN_UNDECLARED_SELECTOR = YES;
				GCC_WARN_UNINITIALIZED_AUTOS = YES_AGGRESSIVE;
				GCC_WARN_UNUSED_FUNCTION = YES;
				GCC_WARN_UNUSED_VARIABLE = YES;
				IPHONEOS_DEPLOYMENT_TARGET = 17.0;
				LOCALIZATION_PREFERS_STRING_CATALOGS = YES;
				MTL_ENABLE_DEBUG_INFO = INCLUDE_SOURCE;
				MTL_FAST_MATH = YES;
				ONLY_ACTIVE_ARCH = YES;
				SDKROOT = iphoneos;
				SWIFT_ACTIVE_COMPILATION_CONDITIONS = "DEBUG $(inherited)";
				SWIFT_OPTIMIZATION_LEVEL = "-Onone";
			};
			name = Debug;
		};
		D825550E2F59B8D600623301 /* Release */ = {
			isa = XCBuildConfiguration;
			buildSettings = {
				ALWAYS_SEARCH_USER_PATHS = NO;
				ASSETCATALOG_COMPILER_GENERATE_SWIFT_ASSET_SYMBOL_EXTENSIONS = YES;
				CLANG_ANALYZER_NONNULL = YES;
				CLANG_ANALYZER_NUMBER_OBJECT_CONVERSION = YES_AGGRESSIVE;
				CLANG_CXX_LANGUAGE_STANDARD = "gnu++20";
				CLANG_ENABLE_MODULES = YES;
				CLANG_ENABLE_OBJC_ARC = YES;
				CLANG_ENABLE_OBJC_WEAK = YES;
				CLANG_WARN_BLOCK_CAPTURE_AUTORELEASING = YES;
				CLANG_WARN_BOOL_CONVERSION = YES;
				CLANG_WARN_COMMA = YES;
				CLANG_WARN_CONSTANT_CONVERSION = YES;
				CLANG_WARN_DEPRECATED_OBJC_IMPLEMENTATIONS = YES;
				CLANG_WARN_DIRECT_OBJC_ISA_USAGE = YES_ERROR;
				CLANG_WARN_DOCUMENTATION_COMMENTS = YES;
				CLANG_WARN_EMPTY_BODY = YES;
				CLANG_WARN_ENUM_CONVERSION = YES;
				CLANG_WARN_INFINITE_RECURSION = YES;
				CLANG_WARN_INT_CONVERSION = YES;
				CLANG_WARN_NON_LITERAL_NULL_CONVERSION = YES;
				CLANG_WARN_OBJC_IMPLICIT_RETAIN_SELF = YES;
				CLANG_WARN_OBJC_LITERAL_CONVERSION = YES;
				CLANG_WARN_OBJC_ROOT_CLASS = YES_ERROR;
				CLANG_WARN_QUOTED_INCLUDE_IN_FRAMEWORK_HEADER = YES;
				CLANG_WARN_RANGE_LOOP_ANALYSIS = YES;
				CLANG_WARN_STRICT_PROTOTYPES = YES;
				CLANG_WARN_SUSPICIOUS_MOVE = YES;
				CLANG_WARN_UNGUARDED_AVAILABILITY = YES_AGGRESSIVE;
				CLANG_WARN_UNREACHABLE_CODE = YES;
				CLANG_WARN__DUPLICATE_METHOD_MATCH = YES;
				COPY_PHASE_STRIP = NO;
				DEBUG_INFORMATION_FORMAT = "dwarf-with-dsym";
				ENABLE_NS_ASSERTIONS = NO;
				ENABLE_STRICT_OBJC_MSGSEND = YES;
				ENABLE_USER_SCRIPT_SANDBOXING = YES;
				GCC_C_LANGUAGE_STANDARD = gnu17;
				GCC_NO_COMMON_BLOCKS = YES;
				GCC_WARN_64_TO_32_BIT_CONVERSION = YES;
				GCC_WARN_ABOUT_RETURN_TYPE = YES_ERROR;
				GCC_WARN_UNDECLARED_SELECTOR = YES;
				GCC_WARN_UNINITIALIZED_AUTOS = YES_AGGRESSIVE;
				GCC_WARN_UNUSED_FUNCTION = YES;
				GCC_WARN_UNUSED_VARIABLE = YES;
				IPHONEOS_DEPLOYMENT_TARGET = 17.0;
				LOCALIZATION_PREFERS_STRING_CATALOGS = YES;
				MTL_ENABLE_DEBUG_INFO = NO;
				MTL_FAST_MATH = YES;
				SDKROOT = iphoneos;
				SWIFT_COMPILATION_MODE = wholemodule;
				VALIDATE_PRODUCT = YES;
			};
			name = Release;
		};
		D82555102F59B8D600623301 /* Debug */ = {
			isa = XCBuildConfiguration;
			buildSettings = {
				ASSETCATALOG_COMPILER_APPICON_NAME = AppIcon;
				ASSETCATALOG_COMPILER_GLOBAL_ACCENT_COLOR_NAME = AccentColor;
				CODE_SIGN_ENTITLEMENTS = AssetRebalancer/AssetRebalancer.entitlements;
				CODE_SIGN_STYLE = Automatic;
				CURRENT_PROJECT_VERSION = 1;
				DEVELOPMENT_TEAM = 3YS47ACJA4;
				ENABLE_PREVIEWS = YES;
				GENERATE_INFOPLIST_FILE = YES;
				INFOPLIST_FILE = AssetRebalancer/Info.plist;
				INFOPLIST_KEY_CFBundleDisplayName = "Asset Rebalancer";
				INFOPLIST_KEY_LSApplicationCategoryType = "public.app-category.finance";
				INFOPLIST_KEY_UIApplicationSceneManifest_Generation = YES;
				INFOPLIST_KEY_UIApplicationSupportsIndirectInputEvents = YES;
				INFOPLIST_KEY_UILaunchScreen_Generation = YES;
				INFOPLIST_KEY_UISupportedInterfaceOrientations_iPad = "UIInterfaceOrientationPortrait UIInterfaceOrientationPortraitUpsideDown UIInterfaceOrientationLandscapeLeft UIInterfaceOrientationLandscapeRight";
				INFOPLIST_KEY_UISupportedInterfaceOrientations_iPhone = "UIInterfaceOrientationPortrait UIInterfaceOrientationLandscapeLeft UIInterfaceOrientationLandscapeRight";
				IPHONEOS_DEPLOYMENT_TARGET = 17.0;
				LD_RUNPATH_SEARCH_PATHS = (
					"$(inherited)",
					"@executable_path/Frameworks",
				);
				MARKETING_VERSION = 1.5;
				PRODUCT_BUNDLE_IDENTIFIER = "com.neroal.asset-rebalancer";
				PRODUCT_NAME = "$(TARGET_NAME)";
				STRING_CATALOG_GENERATE_SYMBOLS = YES;
				SUPPORTED_PLATFORMS = "iphoneos iphonesimulator";
				SUPPORTS_MACCATALYST = NO;
				SUPPORTS_XR_DESIGNED_FOR_IPHONE_IPAD = NO;
				SWIFT_APPROACHABLE_CONCURRENCY = YES;
				SWIFT_DEFAULT_ACTOR_ISOLATION = MainActor;
				SWIFT_EMIT_LOC_STRINGS = YES;
				SWIFT_UPCOMING_FEATURE_MEMBER_IMPORT_VISIBILITY = YES;
				SWIFT_VERSION = 5.0;
				TARGETED_DEVICE_FAMILY = "1,2";
			};
			name = Debug;
		};
		D82555112F59B8D600623301 /* Release */ = {
			isa = XCBuildConfiguration;
			buildSettings = {
				ASSETCATALOG_COMPILER_APPICON_NAME = AppIcon;
				ASSETCATALOG_COMPILER_GLOBAL_ACCENT_COLOR_NAME = AccentColor;
				CODE_SIGN_ENTITLEMENTS = AssetRebalancer/AssetRebalancer.entitlements;
				CODE_SIGN_STYLE = Automatic;
				CURRENT_PROJECT_VERSION = 1;
				DEVELOPMENT_TEAM = 3YS47ACJA4;
				ENABLE_PREVIEWS = YES;
				GENERATE_INFOPLIST_FILE = YES;
				INFOPLIST_FILE = AssetRebalancer/Info.plist;
				INFOPLIST_KEY_CFBundleDisplayName = "Asset Rebalancer";
				INFOPLIST_KEY_LSApplicationCategoryType = "public.app-category.finance";
				INFOPLIST_KEY_UIApplicationSceneManifest_Generation = YES;
				INFOPLIST_KEY_UIApplicationSupportsIndirectInputEvents = YES;
				INFOPLIST_KEY_UILaunchScreen_Generation = YES;
				INFOPLIST_KEY_UISupportedInterfaceOrientations_iPad = "UIInterfaceOrientationPortrait UIInterfaceOrientationPortraitUpsideDown UIInterfaceOrientationLandscapeLeft UIInterfaceOrientationLandscapeRight";
				INFOPLIST_KEY_UISupportedInterfaceOrientations_iPhone = "UIInterfaceOrientationPortrait UIInterfaceOrientationLandscapeLeft UIInterfaceOrientationLandscapeRight";
				IPHONEOS_DEPLOYMENT_TARGET = 17.0;
				LD_RUNPATH_SEARCH_PATHS = (
					"$(inherited)",
					"@executable_path/Frameworks",
				);
				MARKETING_VERSION = 1.5;
				PRODUCT_BUNDLE_IDENTIFIER = "com.neroal.asset-rebalancer";
				PRODUCT_NAME = "$(TARGET_NAME)";
				STRING_CATALOG_GENERATE_SYMBOLS = YES;
				SUPPORTED_PLATFORMS = "iphoneos iphonesimulator";
				SUPPORTS_MACCATALYST = NO;
				SUPPORTS_XR_DESIGNED_FOR_IPHONE_IPAD = NO;
				SWIFT_APPROACHABLE_CONCURRENCY = YES;
				SWIFT_DEFAULT_ACTOR_ISOLATION = MainActor;
				SWIFT_EMIT_LOC_STRINGS = YES;
				SWIFT_UPCOMING_FEATURE_MEMBER_IMPORT_VISIBILITY = YES;
				SWIFT_VERSION = 5.0;
				TARGETED_DEVICE_FAMILY = "1,2";
			};
			name = Release;
		};
		D8AA55032F5D000000000003 /* Debug */ = {
			isa = XCBuildConfiguration;
			buildSettings = {
				CODE_SIGN_STYLE = Automatic;
				CURRENT_PROJECT_VERSION = 1;
				DEVELOPMENT_TEAM = 3YS47ACJA4;
				GENERATE_INFOPLIST_FILE = YES;
				IPHONEOS_DEPLOYMENT_TARGET = 17.0;
				MARKETING_VERSION = 1.0;
				PRODUCT_BUNDLE_IDENTIFIER = "com.neroal.asset-rebalancer.tests";
				PRODUCT_NAME = "$(TARGET_NAME)";
				SUPPORTED_PLATFORMS = "iphoneos iphonesimulator";
				SWIFT_APPROACHABLE_CONCURRENCY = YES;
				SWIFT_DEFAULT_ACTOR_ISOLATION = MainActor;
				SWIFT_EMIT_LOC_STRINGS = NO;
				SWIFT_VERSION = 5.0;
				TARGETED_DEVICE_FAMILY = "1,2";
			};
			name = Debug;
		};
		D8AA55042F5D000000000004 /* Release */ = {
			isa = XCBuildConfiguration;
			buildSettings = {
				CODE_SIGN_STYLE = Automatic;
				CURRENT_PROJECT_VERSION = 1;
				DEVELOPMENT_TEAM = 3YS47ACJA4;
				GENERATE_INFOPLIST_FILE = YES;
				IPHONEOS_DEPLOYMENT_TARGET = 17.0;
				MARKETING_VERSION = 1.0;
				PRODUCT_BUNDLE_IDENTIFIER = "com.neroal.asset-rebalancer.tests";
				PRODUCT_NAME = "$(TARGET_NAME)";
				SUPPORTED_PLATFORMS = "iphoneos iphonesimulator";
				SWIFT_APPROACHABLE_CONCURRENCY = YES;
				SWIFT_DEFAULT_ACTOR_ISOLATION = MainActor;
				SWIFT_EMIT_LOC_STRINGS = NO;
				SWIFT_VERSION = 5.0;
				TARGETED_DEVICE_FAMILY = "1,2";
			};
			name = Release;
		};
/* End XCBuildConfiguration section */

/* Begin XCConfigurationList section */
		D82554FF2F59B8D500623301 /* Build configuration list for PBXProject "AssetRebalancer" */ = {
			isa = XCConfigurationList;
			buildConfigurations = (
				D825550D2F59B8D600623301 /* Debug */,
				D825550E2F59B8D600623301 /* Release */,
			);
			defaultConfigurationIsVisible = 0;
			defaultConfigurationName = Release;
		};
		D825550F2F59B8D600623301 /* Build configuration list for PBXNativeTarget "AssetRebalancer" */ = {
			isa = XCConfigurationList;
			buildConfigurations = (
				D82555102F59B8D600623301 /* Debug */,
				D82555112F59B8D600623301 /* Release */,
			);
			defaultConfigurationIsVisible = 0;
			defaultConfigurationName = Release;
		};
		D8AA55022F5D000000000002 /* Build configuration list for PBXNativeTarget "AssetRebalancerTests" */ = {
			isa = XCConfigurationList;
			buildConfigurations = (
				D8AA55032F5D000000000003 /* Debug */,
				D8AA55042F5D000000000004 /* Release */,
			);
			defaultConfigurationIsVisible = 0;
			defaultConfigurationName = Release;
		};
/* End XCConfigurationList section */

/* Begin XCRemoteSwiftPackageReference section */
		D825559F2F59BA0200623301 /* XCRemoteSwiftPackageReference "firebase-ios-sdk" */ = {
			isa = XCRemoteSwiftPackageReference;
			repositoryURL = "https://github.com/firebase/firebase-ios-sdk";
			requirement = {
				kind = upToNextMajorVersion;
				minimumVersion = 12.10.0;
			};
		};
		D82555A42F59BA4800623301 /* XCRemoteSwiftPackageReference "GoogleSignIn-iOS" */ = {
			isa = XCRemoteSwiftPackageReference;
			repositoryURL = "https://github.com/google/GoogleSignIn-iOS";
			requirement = {
				kind = upToNextMajorVersion;
				minimumVersion = 9.1.0;
			};
		};
/* End XCRemoteSwiftPackageReference section */

/* Begin XCSwiftPackageProductDependency section */
		D82555A02F59BA0200623301 /* FirebaseAuth */ = {
			isa = XCSwiftPackageProductDependency;
			package = D825559F2F59BA0200623301 /* XCRemoteSwiftPackageReference "firebase-ios-sdk" */;
			productName = FirebaseAuth;
		};
		D82555A22F59BA0200623301 /* FirebaseFirestore */ = {
			isa = XCSwiftPackageProductDependency;
			package = D825559F2F59BA0200623301 /* XCRemoteSwiftPackageReference "firebase-ios-sdk" */;
			productName = FirebaseFirestore;
		};
		D82555A52F59BA4800623301 /* GoogleSignIn */ = {
			isa = XCSwiftPackageProductDependency;
			package = D82555A42F59BA4800623301 /* XCRemoteSwiftPackageReference "GoogleSignIn-iOS" */;
			productName = GoogleSignIn;
		};
/* End XCSwiftPackageProductDependency section */
	};
	rootObject = D82554FC2F59B8D500623301 /* Project object */;
}
